{
  "version": 4,
  "terraform_version": "1.10.1",
  "serial": 3,
  "lineage": "9a871a06-1ca0-6676-038a-07b36378655a",
  "outputs": {
    "repository_url": {
      "value": "861276099115.dkr.ecr.ap-south-1.amazonaws.com/auth_app_repo",
      "type": "string"
    }
  },
  "resources": [
    {
      "mode": "managed",
      "type": "aws_ecr_repository",
      "name": "auth_repo",
      "provider": "provider[\"registry.terraform.io/hashicorp/aws\"]",
      "instances": [
        {
          "schema_version": 0,
          "attributes": {
            "arn": "arn:aws:ecr:ap-south-1:861276099115:repository/auth_app_repo",
            "encryption_configuration": [
              {
                "encryption_type": "AES256",
                "kms_key": ""
              }
            ],
            "force_delete": null,
            "id": "auth_app_repo",
            "image_scanning_configuration": [
              {
                "scan_on_push": true
              }
            ],
            "image_tag_mutability": "MUTABLE",
            "name": "auth_app_repo",
            "registry_id": "861276099115",
            "repository_url": "861276099115.dkr.ecr.ap-south-1.amazonaws.com/auth_app_repo",
            "tags": null,
            "tags_all": {},
            "timeouts": null
          },
          "sensitive_attributes": [],
          "private": "eyJlMmJmYjczMC1lY2FhLTExZTYtOGY4OC0zNDM2M2JjN2M0YzAiOnsiZGVsZXRlIjoxMjAwMDAwMDAwMDAwfX0="
        }
      ]
    }
  ],
  "check_results": null
}
