{
  "version": 4,
  "terraform_version": "1.5.7",
  "serial": 26,
  "lineage": "201b8350-ae9c-5861-3663-7dc71e4ed6ca",
  "outputs": {
    "repository_url": {
      "value": "861276099115.dkr.ecr.ap-south-1.amazonaws.com/my-python-app-repo",
      "type": "string"
    },
    "subnet_ids": {
      "value": [
        "subnet-054bf720ea18179ad",
        "subnet-00a6e40f03275fdc7"
      ],
      "type": [
        "tuple",
        [
          "string",
          "string"
        ]
      ]
    },
    "vpc_id": {
      "value": "vpc-0cca76f01b4fb3425",
      "type": "string"
    }
  },
  "resources": [
    {
      "mode": "data",
      "type": "aws_eks_cluster_auth",
      "name": "eks_cluster",
      "provider": "provider[\"registry.terraform.io/hashicorp/aws\"]",
      "instances": [
        {
          "schema_version": 0,
          "attributes": {
            "id": "my-eks-cluster",
            "name": "my-eks-cluster",
            "token": "k8s-aws-v1.aHR0cHM6Ly9zdHMuYXAtc291dGgtMS5hbWF6b25hd3MuY29tLz9BY3Rpb249R2V0Q2FsbGVySWRlbnRpdHkmVmVyc2lvbj0yMDExLTA2LTE1JlgtQW16LUFsZ29yaXRobT1BV1M0LUhNQUMtU0hBMjU2JlgtQW16LUNyZWRlbnRpYWw9QUtJQTRSQ0FPS0lWVExUUlFaUUIlMkYyMDI0MTIwMiUyRmFwLXNvdXRoLTElMkZzdHMlMkZhd3M0X3JlcXVlc3QmWC1BbXotRGF0ZT0yMDI0MTIwMlQwNjQyNTBaJlgtQW16LUV4cGlyZXM9MCZYLUFtei1TaWduZWRIZWFkZXJzPWhvc3QlM0J4LWs4cy1hd3MtaWQmWC1BbXotU2lnbmF0dXJlPTUxNzA1ZDQ0Y2FlNjI4MjY3YTdiNTdhNTQwY2QyYjQxNzk0NjVlOWRjNjhmODYxNTJhNDI4ZDg2NWY0N2RmOWM"
          },
          "sensitive_attributes": []
        }
      ]
    },
    {
      "mode": "managed",
      "type": "aws_ecr_repository",
      "name": "my_repo",
      "provider": "provider[\"registry.terraform.io/hashicorp/aws\"]",
      "instances": [
        {
          "schema_version": 0,
          "attributes": {
            "arn": "arn:aws:ecr:ap-south-1:861276099115:repository/my-python-app-repo",
            "encryption_configuration": [
              {
                "encryption_type": "AES256",
                "kms_key": ""
              }
            ],
            "force_delete": null,
            "id": "my-python-app-repo",
            "image_scanning_configuration": [
              {
                "scan_on_push": true
              }
            ],
            "image_tag_mutability": "MUTABLE",
            "name": "my-python-app-repo",
            "registry_id": "861276099115",
            "repository_url": "861276099115.dkr.ecr.ap-south-1.amazonaws.com/my-python-app-repo",
            "tags": {},
            "tags_all": {},
            "timeouts": null
          },
          "sensitive_attributes": [],
          "private": "eyJlMmJmYjczMC1lY2FhLTExZTYtOGY4OC0zNDM2M2JjN2M0YzAiOnsiZGVsZXRlIjoxMjAwMDAwMDAwMDAwfX0="
        }
      ]
    },
    {
      "mode": "managed",
      "type": "aws_eks_cluster",
      "name": "eks_cluster",
      "provider": "provider[\"registry.terraform.io/hashicorp/aws\"]",
      "instances": [
        {
          "schema_version": 1,
          "attributes": {
            "access_config": [
              {
                "authentication_mode": "CONFIG_MAP",
                "bootstrap_cluster_creator_admin_permissions": true
              }
            ],
            "arn": "arn:aws:eks:ap-south-1:861276099115:cluster/my-eks-cluster",
            "bootstrap_self_managed_addons": true,
            "certificate_authority": [
              {
                "data": "LS0tLS1CRUdJTiBDRVJUSUZJQ0FURS0tLS0tCk1JSURCVENDQWUyZ0F3SUJBZ0lJQWRsZGJlZm1VRVF3RFFZSktvWklodmNOQVFFTEJRQXdGVEVUTUJFR0ExVUUKQXhNS2EzVmlaWEp1WlhSbGN6QWVGdzB5TkRFeU1ESXdOak0xTXpsYUZ3MHpOREV4TXpBd05qUXdNemxhTUJVeApFekFSQmdOVkJBTVRDbXQxWW1WeWJtVjBaWE13Z2dFaU1BMEdDU3FHU0liM0RRRUJBUVVBQTRJQkR3QXdnZ0VLCkFvSUJBUURYUGpaTnJ3NUZHcVhRSGRCNFp2dHIyd3lwaVZrdHNQY29GSVRFakFYTkRXNWVnazhYRTAzRlg3TUoKbndwOU5DbUp0Y0tIR0JmU2dneWZ2aGlXZVBiMGxmMVFmRysvUkZMNy91Y1l4RzBmOVZYVHpjc1B6VElnVXFzeQp3MWlVNFI5eGdRNHFSWjA4VDBGZktaVDUvaWo2NkpuU3NPRXNTT2NhV01sUkl5cDUva0VJNHcwcWtqYVFKN2pjCllGZHBiaVA2djJ0bW1yMkNoeSs5WXpPcE1Xc1U5elZBUGxnWTV5eGpDaW84Nk9UR0ttVHBoeGRYaHZVNVBPdDkKck1kaDZUTDJmVGxtRk95dHJUSUpiZkRwWUVhOE9UZGdGeHMxTG1Id2FzYmNUdks0L0tvbXFZTUhlZUh1VWdPeAplajRpQlkvQk5pWE05SXZZdWpabjkvTnFyWHROQWdNQkFBR2pXVEJYTUE0R0ExVWREd0VCL3dRRUF3SUNwREFQCkJnTlZIUk1CQWY4RUJUQURBUUgvTUIwR0ExVWREZ1FXQkJTajBJTWZoL09EdEtiVjdNUEdLR2RVMFZrWmlUQVYKQmdOVkhSRUVEakFNZ2dwcmRXSmxjbTVsZEdWek1BMEdDU3FHU0liM0RRRUJDd1VBQTRJQkFRQWhrSUJETXpSeQo3SWppQ2J5VXNOTGxHcm41a3F3OVdLUGoxU3JGcktlS2F3R3hZMENGa2VDd0c4am1oYXYyTTZrQjlNMVg1RmN2CkFRa09HSHliQ1JCSDlUS1Era2htVlRVVGZuVnZ1VkdrY2tOWUNhZnJ5QkF4cmFnblI0VTF2aXBHL1R1WGE0enMKOGI1bWQ1MHFwSlBwdmlVOWY1ZTltRHA1aDROYllIcjU1NTJ1VUNiNDFyTDN6SHJGODNCcGpaaDgwYXBpT3lGWApWalpmaU5VMno0akVzQklUQ1JMYVZ0MStQNGpxeHhGZXhpQ0J5M1h4N1J4Z0lrVEcxeDhHRDhuMzluQU1PYUlyCktIUHJPSkxQWTJRS0Y0QTR0YjVDK1Vxa1hHTEVtNHFieTZpRzRNaG1PcmREOEIrYytnTDRRWWlCMW5aWnZyWnEKemNRRzUrSERkdTFqCi0tLS0tRU5EIENFUlRJRklDQVRFLS0tLS0K"
              }
            ],
            "cluster_id": null,
            "created_at": "2024-12-02T06:36:50Z",
            "enabled_cluster_log_types": null,
            "encryption_config": [],
            "endpoint": "https://01441BC1203FF6B18266E6888BAA9204.yl4.ap-south-1.eks.amazonaws.com",
            "id": "my-eks-cluster",
            "identity": [
              {
                "oidc": [
                  {
                    "issuer": "https://oidc.eks.ap-south-1.amazonaws.com/id/01441BC1203FF6B18266E6888BAA9204"
                  }
                ]
              }
            ],
            "kubernetes_network_config": [
              {
                "ip_family": "ipv4",
                "service_ipv4_cidr": "172.20.0.0/16",
                "service_ipv6_cidr": ""
              }
            ],
            "name": "my-eks-cluster",
            "outpost_config": [],
            "platform_version": "eks.12",
            "role_arn": "arn:aws:iam::861276099115:role/eks-cluster-role",
            "status": "ACTIVE",
            "tags": null,
            "tags_all": {},
            "timeouts": null,
            "upgrade_policy": [
              {
                "support_type": "EXTENDED"
              }
            ],
            "version": "1.31",
            "vpc_config": [
              {
                "cluster_security_group_id": "sg-0e72835d91745af56",
                "endpoint_private_access": false,
                "endpoint_public_access": true,
                "public_access_cidrs": [
                  "0.0.0.0/0"
                ],
                "security_group_ids": null,
                "subnet_ids": [
                  "subnet-00a6e40f03275fdc7",
                  "subnet-054bf720ea18179ad"
                ],
                "vpc_id": "vpc-0cca76f01b4fb3425"
              }
            ],
            "zonal_shift_config": []
          },
          "sensitive_attributes": [],
          "private": "eyJlMmJmYjczMC1lY2FhLTExZTYtOGY4OC0zNDM2M2JjN2M0YzAiOnsiY3JlYXRlIjoxODAwMDAwMDAwMDAwLCJkZWxldGUiOjkwMDAwMDAwMDAwMCwidXBkYXRlIjozNjAwMDAwMDAwMDAwfSwic2NoZW1hX3ZlcnNpb24iOiIxIn0=",
          "dependencies": [
            "aws_iam_role.eks_cluster_role",
            "aws_iam_role_policy_attachment.eks_cluster_role_policy",
            "aws_subnet.eks_subnet_a",
            "aws_subnet.eks_subnet_b"
          ]
        }
      ]
    },
    {
      "mode": "managed",
      "type": "aws_eks_node_group",
      "name": "eks_node_group",
      "provider": "provider[\"registry.terraform.io/hashicorp/aws\"]",
      "instances": [
        {
          "status": "tainted",
          "schema_version": 0,
          "attributes": {
            "ami_type": null,
            "arn": null,
            "capacity_type": null,
            "cluster_name": "my-eks-cluster",
            "disk_size": null,
            "force_update_version": null,
            "id": "my-eks-cluster:my-node-group",
            "instance_types": null,
            "labels": null,
            "launch_template": [],
            "node_group_name": "my-node-group",
            "node_group_name_prefix": null,
            "node_role_arn": "arn:aws:iam::861276099115:role/eks-node-group-role",
            "release_version": null,
            "remote_access": [],
            "resources": null,
            "scaling_config": [
              {
                "desired_size": 1,
                "max_size": 1,
                "min_size": 1
              }
            ],
            "status": null,
            "subnet_ids": [
              "subnet-054bf720ea18179ad"
            ],
            "tags": null,
            "tags_all": null,
            "taint": [],
            "timeouts": null,
            "update_config": null,
            "version": null
          },
          "sensitive_attributes": [],
          "private": "eyJlMmJmYjczMC1lY2FhLTExZTYtOGY4OC0zNDM2M2JjN2M0YzAiOnsiY3JlYXRlIjozNjAwMDAwMDAwMDAwLCJkZWxldGUiOjM2MDAwMDAwMDAwMDAsInVwZGF0ZSI6MzYwMDAwMDAwMDAwMH19",
          "dependencies": [
            "aws_eks_cluster.eks_cluster",
            "aws_iam_role.eks_cluster_role",
            "aws_iam_role.eks_node_group_role",
            "aws_iam_role_policy_attachment.eks_cluster_role_policy",
            "aws_subnet.eks_subnet_a",
            "aws_subnet.eks_subnet_b"
          ]
        }
      ]
    },
    {
      "mode": "managed",
      "type": "aws_iam_role",
      "name": "eks_cluster_role",
      "provider": "provider[\"registry.terraform.io/hashicorp/aws\"]",
      "instances": [
        {
          "schema_version": 0,
          "attributes": {
            "arn": "arn:aws:iam::861276099115:role/eks-cluster-role",
            "assume_role_policy": "{\"Statement\":[{\"Action\":\"sts:AssumeRole\",\"Effect\":\"Allow\",\"Principal\":{\"Service\":\"eks.amazonaws.com\"}}],\"Version\":\"2012-10-17\"}",
            "create_date": "2024-12-02T05:55:51Z",
            "description": "",
            "force_detach_policies": false,
            "id": "eks-cluster-role",
            "inline_policy": [],
            "managed_policy_arns": [
              "arn:aws:iam::aws:policy/AmazonEKSClusterPolicy"
            ],
            "max_session_duration": 3600,
            "name": "eks-cluster-role",
            "name_prefix": "",
            "path": "/",
            "permissions_boundary": "",
            "tags": {},
            "tags_all": {},
            "unique_id": "AROA4RCAOKIV3TXL2QRVF"
          },
          "sensitive_attributes": [],
          "private": "bnVsbA=="
        }
      ]
    },
    {
      "mode": "managed",
      "type": "aws_iam_role",
      "name": "eks_node_group_role",
      "provider": "provider[\"registry.terraform.io/hashicorp/aws\"]",
      "instances": [
        {
          "schema_version": 0,
          "attributes": {
            "arn": "arn:aws:iam::861276099115:role/eks-node-group-role",
            "assume_role_policy": "{\"Statement\":[{\"Action\":\"sts:AssumeRole\",\"Effect\":\"Allow\",\"Principal\":{\"Service\":\"ec2.amazonaws.com\"}}],\"Version\":\"2012-10-17\"}",
            "create_date": "2024-12-02T05:55:51Z",
            "description": "",
            "force_detach_policies": false,
            "id": "eks-node-group-role",
            "inline_policy": [],
            "managed_policy_arns": [
              "arn:aws:iam::aws:policy/AmazonEC2ContainerRegistryReadOnly",
              "arn:aws:iam::aws:policy/AmazonEKSWorkerNodePolicy"
            ],
            "max_session_duration": 3600,
            "name": "eks-node-group-role",
            "name_prefix": "",
            "path": "/",
            "permissions_boundary": "",
            "tags": {},
            "tags_all": {},
            "unique_id": "AROA4RCAOKIVXJQ5RVFXE"
          },
          "sensitive_attributes": [],
          "private": "bnVsbA=="
        }
      ]
    },
    {
      "mode": "managed",
      "type": "aws_iam_role_policy_attachment",
      "name": "eks_cluster_role_policy",
      "provider": "provider[\"registry.terraform.io/hashicorp/aws\"]",
      "instances": [
        {
          "schema_version": 0,
          "attributes": {
            "id": "eks-cluster-role-20241202055553243600000001",
            "policy_arn": "arn:aws:iam::aws:policy/AmazonEKSClusterPolicy",
            "role": "eks-cluster-role"
          },
          "sensitive_attributes": [],
          "private": "bnVsbA==",
          "dependencies": [
            "aws_iam_role.eks_cluster_role"
          ]
        }
      ]
    },
    {
      "mode": "managed",
      "type": "aws_iam_role_policy_attachment",
      "name": "eks_node_group_attach_policy",
      "provider": "provider[\"registry.terraform.io/hashicorp/aws\"]",
      "instances": [
        {
          "schema_version": 0,
          "attributes": {
            "id": "eks-node-group-role-20241202055553599600000003",
            "policy_arn": "arn:aws:iam::aws:policy/AmazonEC2ContainerRegistryReadOnly",
            "role": "eks-node-group-role"
          },
          "sensitive_attributes": [],
          "private": "bnVsbA==",
          "dependencies": [
            "aws_iam_role.eks_node_group_role"
          ]
        }
      ]
    },
    {
      "mode": "managed",
      "type": "aws_iam_role_policy_attachment",
      "name": "eks_node_group_role_policy",
      "provider": "provider[\"registry.terraform.io/hashicorp/aws\"]",
      "instances": [
        {
          "schema_version": 0,
          "attributes": {
            "id": "eks-node-group-role-20241202055553277100000002",
            "policy_arn": "arn:aws:iam::aws:policy/AmazonEKSWorkerNodePolicy",
            "role": "eks-node-group-role"
          },
          "sensitive_attributes": [],
          "private": "bnVsbA==",
          "dependencies": [
            "aws_iam_role.eks_node_group_role"
          ]
        }
      ]
    },
    {
      "mode": "managed",
      "type": "aws_internet_gateway",
      "name": "eks_igw",
      "provider": "provider[\"registry.terraform.io/hashicorp/aws\"]",
      "instances": [
        {
          "schema_version": 0,
          "attributes": {
            "arn": "arn:aws:ec2:ap-south-1:861276099115:internet-gateway/igw-0a7c94f5ddd9d3d17",
            "id": "igw-0a7c94f5ddd9d3d17",
            "owner_id": "861276099115",
            "tags": {},
            "tags_all": {},
            "timeouts": null,
            "vpc_id": "vpc-0cca76f01b4fb3425"
          },
          "sensitive_attributes": [],
          "private": "eyJlMmJmYjczMC1lY2FhLTExZTYtOGY4OC0zNDM2M2JjN2M0YzAiOnsiY3JlYXRlIjoxMjAwMDAwMDAwMDAwLCJkZWxldGUiOjEyMDAwMDAwMDAwMDAsInVwZGF0ZSI6MTIwMDAwMDAwMDAwMH19",
          "dependencies": [
            "aws_vpc.eks_vpc"
          ]
        }
      ]
    },
    {
      "mode": "managed",
      "type": "aws_security_group",
      "name": "eks_security_group",
      "provider": "provider[\"registry.terraform.io/hashicorp/aws\"]",
      "instances": [
        {
          "schema_version": 1,
          "attributes": {
            "arn": "arn:aws:ec2:ap-south-1:861276099115:security-group/sg-09de4d5f8416667f7",
            "description": "Managed by Terraform",
            "egress": [],
            "id": "sg-09de4d5f8416667f7",
            "ingress": [],
            "name": "terraform-20241202054152296400000001",
            "name_prefix": "terraform-",
            "owner_id": "861276099115",
            "revoke_rules_on_delete": false,
            "tags": {},
            "tags_all": {},
            "timeouts": null,
            "vpc_id": "vpc-0cca76f01b4fb3425"
          },
          "sensitive_attributes": [],
          "private": "eyJlMmJmYjczMC1lY2FhLTExZTYtOGY4OC0zNDM2M2JjN2M0YzAiOnsiY3JlYXRlIjo2MDAwMDAwMDAwMDAsImRlbGV0ZSI6OTAwMDAwMDAwMDAwfSwic2NoZW1hX3ZlcnNpb24iOiIxIn0=",
          "dependencies": [
            "aws_vpc.eks_vpc"
          ]
        }
      ]
    },
    {
      "mode": "managed",
      "type": "aws_subnet",
      "name": "eks_subnet_a",
      "provider": "provider[\"registry.terraform.io/hashicorp/aws\"]",
      "instances": [
        {
          "schema_version": 1,
          "attributes": {
            "arn": "arn:aws:ec2:ap-south-1:861276099115:subnet/subnet-054bf720ea18179ad",
            "assign_ipv6_address_on_creation": false,
            "availability_zone": "ap-south-1a",
            "availability_zone_id": "aps1-az1",
            "cidr_block": "10.0.1.0/24",
            "customer_owned_ipv4_pool": "",
            "enable_dns64": false,
            "enable_lni_at_device_index": 0,
            "enable_resource_name_dns_a_record_on_launch": false,
            "enable_resource_name_dns_aaaa_record_on_launch": false,
            "id": "subnet-054bf720ea18179ad",
            "ipv6_cidr_block": "",
            "ipv6_cidr_block_association_id": "",
            "ipv6_native": false,
            "map_customer_owned_ip_on_launch": false,
            "map_public_ip_on_launch": true,
            "outpost_arn": "",
            "owner_id": "861276099115",
            "private_dns_hostname_type_on_launch": "ip-name",
            "tags": {
              "Name": "EKS Subnet A"
            },
            "tags_all": {
              "Name": "EKS Subnet A"
            },
            "timeouts": null,
            "vpc_id": "vpc-0cca76f01b4fb3425"
          },
          "sensitive_attributes": [],
          "private": "eyJlMmJmYjczMC1lY2FhLTExZTYtOGY4OC0zNDM2M2JjN2M0YzAiOnsiY3JlYXRlIjo2MDAwMDAwMDAwMDAsImRlbGV0ZSI6MTIwMDAwMDAwMDAwMH0sInNjaGVtYV92ZXJzaW9uIjoiMSJ9",
          "dependencies": [
            "aws_vpc.eks_vpc"
          ]
        }
      ]
    },
    {
      "mode": "managed",
      "type": "aws_subnet",
      "name": "eks_subnet_b",
      "provider": "provider[\"registry.terraform.io/hashicorp/aws\"]",
      "instances": [
        {
          "schema_version": 1,
          "attributes": {
            "arn": "arn:aws:ec2:ap-south-1:861276099115:subnet/subnet-00a6e40f03275fdc7",
            "assign_ipv6_address_on_creation": false,
            "availability_zone": "ap-south-1b",
            "availability_zone_id": "aps1-az3",
            "cidr_block": "10.0.2.0/24",
            "customer_owned_ipv4_pool": "",
            "enable_dns64": false,
            "enable_lni_at_device_index": 0,
            "enable_resource_name_dns_a_record_on_launch": false,
            "enable_resource_name_dns_aaaa_record_on_launch": false,
            "id": "subnet-00a6e40f03275fdc7",
            "ipv6_cidr_block": "",
            "ipv6_cidr_block_association_id": "",
            "ipv6_native": false,
            "map_customer_owned_ip_on_launch": false,
            "map_public_ip_on_launch": true,
            "outpost_arn": "",
            "owner_id": "861276099115",
            "private_dns_hostname_type_on_launch": "ip-name",
            "tags": {
              "Name": "EKS Subnet B"
            },
            "tags_all": {
              "Name": "EKS Subnet B"
            },
            "timeouts": null,
            "vpc_id": "vpc-0cca76f01b4fb3425"
          },
          "sensitive_attributes": [],
          "private": "eyJlMmJmYjczMC1lY2FhLTExZTYtOGY4OC0zNDM2M2JjN2M0YzAiOnsiY3JlYXRlIjo2MDAwMDAwMDAwMDAsImRlbGV0ZSI6MTIwMDAwMDAwMDAwMH0sInNjaGVtYV92ZXJzaW9uIjoiMSJ9",
          "dependencies": [
            "aws_vpc.eks_vpc"
          ]
        }
      ]
    },
    {
      "mode": "managed",
      "type": "aws_vpc",
      "name": "eks_vpc",
      "provider": "provider[\"registry.terraform.io/hashicorp/aws\"]",
      "instances": [
        {
          "schema_version": 1,
          "attributes": {
            "arn": "arn:aws:ec2:ap-south-1:861276099115:vpc/vpc-0cca76f01b4fb3425",
            "assign_generated_ipv6_cidr_block": false,
            "cidr_block": "10.0.0.0/16",
            "default_network_acl_id": "acl-048c6222d34f60c81",
            "default_route_table_id": "rtb-0002a15818bbcdd3f",
            "default_security_group_id": "sg-0f5e90470ba06239f",
            "dhcp_options_id": "dopt-0536aafbaf73e9a40",
            "enable_dns_hostnames": true,
            "enable_dns_support": true,
            "enable_network_address_usage_metrics": false,
            "id": "vpc-0cca76f01b4fb3425",
            "instance_tenancy": "default",
            "ipv4_ipam_pool_id": null,
            "ipv4_netmask_length": null,
            "ipv6_association_id": "",
            "ipv6_cidr_block": "",
            "ipv6_cidr_block_network_border_group": "",
            "ipv6_ipam_pool_id": "",
            "ipv6_netmask_length": 0,
            "main_route_table_id": "rtb-0002a15818bbcdd3f",
            "owner_id": "861276099115",
            "tags": {
              "Name": "eks-vpc"
            },
            "tags_all": {
              "Name": "eks-vpc"
            }
          },
          "sensitive_attributes": [],
          "private": "eyJzY2hlbWFfdmVyc2lvbiI6IjEifQ=="
        }
      ]
    }
  ],
  "check_results": null
}
